
Microsoft Visual Studio Solution File, Format Version 12.00
# Visual Studio Version 16
VisualStudioVersion = 16.0.30804.86
MinimumVisualStudioVersion = 10.0.40219.1
Project("{FAE04EC0-301F-11D3-BF4B-00C04F79EFBC}") = "Powykonawcza", "Powykonawcza\Powykonawcza.csproj", "{1430EAC4-E765-4E72-B1BE-7C1955FA1EA9}"
EndProject
Project("{FAE04EC0-301F-11D3-BF4B-00C04F79EFBC}") = "ParserBenchmark", "ParserBenchmark\ParserBenchmark.csproj", "{B575F21A-DDF1-411C-9315-F2381C66223C}"
EndProject
Global
	GlobalSection(SolutionConfigurationPlatforms) = preSolution
		Debug|Any CPU = Debug|Any CPU
		Release|Any CPU = Release|Any CPU
	EndGlobalSection
	GlobalSection(ProjectConfigurationPlatforms) = postSolution
		{1430EAC4-E765-4E72-B1BE-7C1955FA1EA9}.Debug|Any CPU.ActiveCfg = Debug|Any CPU
		{1430EAC4-E765-4E72-B1BE-7C1955FA1EA9}.Debug|Any CPU.Build.0 = Debug|Any CPU
		{1430EAC4-E765-4E72-B1BE-7C1955FA1EA9}.Release|Any CPU.ActiveCfg = Release|Any CPU
		{1430EAC4-E765-4E72-B1BE-7C1955FA1EA9}.Release|Any CPU.Build.0 = Release|Any CPU
		{B575F21A-DDF1-411C-9315-F2381C66223C}.Debug|Any CPU.ActiveCfg = Debug|Any CPU
		{B575F21A-DDF1-411C-9315-F2381C66223C}.Debug|Any CPU.Build.0 = Debug|Any CPU
		{B575F21A-DDF1-411C-9315-F2381C66223C}.Release|Any CPU.ActiveCfg = Release|Any CPU
		{B575F21A-DDF1-411C-9315-F2381C66223C}.Release|Any CPU.Build.0 = Release|Any CPU
	EndGlobalSection
	GlobalSection(SolutionProperties) = preSolution
		HideSolutionNode = FALSE
	EndGlobalSection
	GlobalSection(ExtensibilityGlobals) = postSolution
		SolutionGuid = {8DB70216-2EDE-49BB-8482-EB85CE89ACCC}
	EndGlobalSection
EndGlobal
